
Microsoft Visual Studio Solution File, Format Version 12.00
Project("{FAE04EC0-301F-11D3-BF4B-00C04F79EFBC}") = "ElectronicCommerce", "ElectronicCommerce.csproj", "{0884392E-6D81-44DC-A871-C15BA8F42940}"
EndProject
Global
	GlobalSection(SolutionConfigurationPlatforms) = preSolution
		Debug|Any CPU = Debug|Any CPU
		Release|Any CPU = Release|Any CPU
	EndGlobalSection
	GlobalSection(ProjectConfigurationPlatforms) = postSolution
		{0884392E-6D81-44DC-A871-C15BA8F42940}.Debug|Any CPU.ActiveCfg = Debug|Any CPU
		{0884392E-6D81-44DC-A871-C15BA8F42940}.Debug|Any CPU.Build.0 = Debug|Any CPU
		{0884392E-6D81-44DC-A871-C15BA8F42940}.Release|Any CPU.ActiveCfg = Release|Any CPU
		{0884392E-6D81-44DC-A871-C15BA8F42940}.Release|Any CPU.Build.0 = Release|Any CPU
	EndGlobalSection
EndGlobal
